
Microsoft Visual Studio Solution File, Format Version 12.00
# Visual Studio Version 17
VisualStudioVersion = 17.14.36221.1 d17.14
MinimumVisualStudioVersion = 10.0.40219.1
Project("{FAE04EC0-301F-11D3-BF4B-00C04F79EFBC}") = "TurnoOptTI.Web", "TurnoOptTI.Web\TurnoOptTI.Web.csproj", "{D75CC45C-9A9C-458C-9ADC-4101222AEEFD}"
EndProject
Global
	GlobalSection(SolutionConfigurationPlatforms) = preSolution
		Debug|Any CPU = Debug|Any CPU
		Release|Any CPU = Release|Any CPU
	EndGlobalSection
	GlobalSection(ProjectConfigurationPlatforms) = postSolution
		{D75CC45C-9A9C-458C-9ADC-4101222AEEFD}.Debug|Any CPU.ActiveCfg = Debug|Any CPU
		{D75CC45C-9A9C-458C-9ADC-4101222AEEFD}.Debug|Any CPU.Build.0 = Debug|Any CPU
		{D75CC45C-9A9C-458C-9ADC-4101222AEEFD}.Release|Any CPU.ActiveCfg = Release|Any CPU
		{D75CC45C-9A9C-458C-9ADC-4101222AEEFD}.Release|Any CPU.Build.0 = Release|Any CPU
	EndGlobalSection
	GlobalSection(SolutionProperties) = preSolution
		HideSolutionNode = FALSE
	EndGlobalSection
	GlobalSection(ExtensibilityGlobals) = postSolution
		SolutionGuid = {B51C3DD4-7FAE-4898-AF89-EC58083C18D0}
	EndGlobalSection
EndGlobal
